
Microsoft Visual Studio Solution File, Format Version 12.00
# Visual Studio Version 17
VisualStudioVersion = 17.9.34714.143
MinimumVisualStudioVersion = 10.0.40219.1
Project("{888888A0-9F3D-457C-B088-3A5042F75D52}") = "Starship", "Starship.pyproj", "{F17ECDE0-353D-42E0-9B87-A72EA005DF0B}"
EndProject
Global
	GlobalSection(SolutionConfigurationPlatforms) = preSolution
		Debug|Any CPU = Debug|Any CPU
		Release|Any CPU = Release|Any CPU
	EndGlobalSection
	GlobalSection(ProjectConfigurationPlatforms) = postSolution
		{F17ECDE0-353D-42E0-9B87-A72EA005DF0B}.Debug|Any CPU.ActiveCfg = Debug|Any CPU
		{F17ECDE0-353D-42E0-9B87-A72EA005DF0B}.Release|Any CPU.ActiveCfg = Release|Any CPU
	EndGlobalSection
	GlobalSection(SolutionProperties) = preSolution
		HideSolutionNode = FALSE
	EndGlobalSection
	GlobalSection(ExtensibilityGlobals) = postSolution
		SolutionGuid = {268F6AF4-D937-42F6-94F2-6A92B1CF6754}
	EndGlobalSection
EndGlobal
